
Microsoft Visual Studio Solution File, Format Version 12.00
# Visual Studio Version 16
VisualStudioVersion = 16.0.30309.148
MinimumVisualStudioVersion = 10.0.40219.1
Project("{FAE04EC0-301F-11D3-BF4B-00C04F79EFBC}") = "LanchesMac", "LanchesMac\LanchesMac.csproj", "{3CFE5B62-DB02-4630-B72F-0A2E3D4D0C77}"
EndProject
Global
	GlobalSection(SolutionConfigurationPlatforms) = preSolution
		Debug|Any CPU = Debug|Any CPU
		Release|Any CPU = Release|Any CPU
	EndGlobalSection
	GlobalSection(ProjectConfigurationPlatforms) = postSolution
		{3CFE5B62-DB02-4630-B72F-0A2E3D4D0C77}.Debug|Any CPU.ActiveCfg = Debug|Any CPU
		{3CFE5B62-DB02-4630-B72F-0A2E3D4D0C77}.Debug|Any CPU.Build.0 = Debug|Any CPU
		{3CFE5B62-DB02-4630-B72F-0A2E3D4D0C77}.Release|Any CPU.ActiveCfg = Release|Any CPU
		{3CFE5B62-DB02-4630-B72F-0A2E3D4D0C77}.Release|Any CPU.Build.0 = Release|Any CPU
	EndGlobalSection
	GlobalSection(SolutionProperties) = preSolution
		HideSolutionNode = FALSE
	EndGlobalSection
	GlobalSection(ExtensibilityGlobals) = postSolution
		SolutionGuid = {DE9868AA-7194-47B5-B941-00955FEE64ED}
	EndGlobalSection
EndGlobal
